
Microsoft Visual Studio Solution File, Format Version 12.00
# Visual Studio Version 16
VisualStudioVersion = 16.0.32106.194
MinimumVisualStudioVersion = 10.0.40219.1
Project("{FAE04EC0-301F-11D3-BF4B-00C04F79EFBC}") = "TestandoConhecimentos", "TestandoConhecimentos\TestandoConhecimentos.csproj", "{71BF851B-6C32-4FE8-A300-BEB8A55DBAA4}"
EndProject
Global
	GlobalSection(SolutionConfigurationPlatforms) = preSolution
		Debug|Any CPU = Debug|Any CPU
		Release|Any CPU = Release|Any CPU
	EndGlobalSection
	GlobalSection(ProjectConfigurationPlatforms) = postSolution
		{71BF851B-6C32-4FE8-A300-BEB8A55DBAA4}.Debug|Any CPU.ActiveCfg = Debug|Any CPU
		{71BF851B-6C32-4FE8-A300-BEB8A55DBAA4}.Debug|Any CPU.Build.0 = Debug|Any CPU
		{71BF851B-6C32-4FE8-A300-BEB8A55DBAA4}.Release|Any CPU.ActiveCfg = Release|Any CPU
		{71BF851B-6C32-4FE8-A300-BEB8A55DBAA4}.Release|Any CPU.Build.0 = Release|Any CPU
	EndGlobalSection
	GlobalSection(SolutionProperties) = preSolution
		HideSolutionNode = FALSE
	EndGlobalSection
	GlobalSection(ExtensibilityGlobals) = postSolution
		SolutionGuid = {251DBE13-7F64-4CEE-8DEA-A57DB2F3DAD8}
	EndGlobalSection
EndGlobal
